
Microsoft Visual Studio Solution File, Format Version 12.00
# Visual Studio 15
VisualStudioVersion = 15.0.26730.16
MinimumVisualStudioVersion = 10.0.40219.1
Project("{FAE04EC0-301F-11D3-BF4B-00C04F79EFBC}") = "Project_Ontap", "Project_Ontap\Project_Ontap\Project_Ontap.csproj", "{FE0C7AB5-9761-4DF2-B45F-36D19161CCE2}"
EndProject
Project("{FAE04EC0-301F-11D3-BF4B-00C04F79EFBC}") = "Project_Ontap.Droid", "Project_Ontap\Project_Ontap.Droid\Project_Ontap.Droid.csproj", "{2DA69D71-FE16-4C5E-92ED-99B4D6F25EA4}"
EndProject
Project("{FAE04EC0-301F-11D3-BF4B-00C04F79EFBC}") = "Project_Ontap.iOS", "Project_Ontap\Project_Ontap.iOS\Project_Ontap.iOS.csproj", "{62CC0FE5-A23E-43E5-819A-20A0A130D163}"
EndProject
Project("{FAE04EC0-301F-11D3-BF4B-00C04F79EFBC}") = "Project_Ontap.UWP", "Project_Ontap\Project_Ontap.UWP\Project_Ontap.UWP.csproj", "{4B904096-E627-42D7-821D-7C374008781D}"
EndProject
Global
	GlobalSection(SolutionConfigurationPlatforms) = preSolution
		Ad-Hoc|Any CPU = Ad-Hoc|Any CPU
		Ad-Hoc|ARM = Ad-Hoc|ARM
		Ad-Hoc|iPhone = Ad-Hoc|iPhone
		Ad-Hoc|iPhoneSimulator = Ad-Hoc|iPhoneSimulator
		Ad-Hoc|x64 = Ad-Hoc|x64
		Ad-Hoc|x86 = Ad-Hoc|x86
		AppStore|Any CPU = AppStore|Any CPU
		AppStore|ARM = AppStore|ARM
		AppStore|iPhone = AppStore|iPhone
		AppStore|iPhoneSimulator = AppStore|iPhoneSimulator
		AppStore|x64 = AppStore|x64
		AppStore|x86 = AppStore|x86
		Debug|Any CPU = Debug|Any CPU
		Debug|ARM = Debug|ARM
		Debug|iPhone = Debug|iPhone
		Debug|iPhoneSimulator = Debug|iPhoneSimulator
		Debug|x64 = Debug|x64
		Debug|x86 = Debug|x86
		Release|Any CPU = Release|Any CPU
		Release|ARM = Release|ARM
		Release|iPhone = Release|iPhone
		Release|iPhoneSimulator = Release|iPhoneSimulator
		Release|x64 = Release|x64
		Release|x86 = Release|x86
	EndGlobalSection
	GlobalSection(ProjectConfigurationPlatforms) = postSolution
		{FE0C7AB5-9761-4DF2-B45F-36D19161CCE2}.Ad-Hoc|Any CPU.ActiveCfg = Release|Any CPU
		{FE0C7AB5-9761-4DF2-B45F-36D19161CCE2}.Ad-Hoc|Any CPU.Build.0 = Release|Any CPU
		{FE0C7AB5-9761-4DF2-B45F-36D19161CCE2}.Ad-Hoc|ARM.ActiveCfg = Release|Any CPU
		{FE0C7AB5-9761-4DF2-B45F-36D19161CCE2}.Ad-Hoc|ARM.Build.0 = Release|Any CPU
		{FE0C7AB5-9761-4DF2-B45F-36D19161CCE2}.Ad-Hoc|iPhone.ActiveCfg = Release|Any CPU
		{FE0C7AB5-9761-4DF2-B45F-36D19161CCE2}.Ad-Hoc|iPhone.Build.0 = Release|Any CPU
		{FE0C7AB5-9761-4DF2-B45F-36D19161CCE2}.Ad-Hoc|iPhoneSimulator.ActiveCfg = Release|Any CPU
		{FE0C7AB5-9761-4DF2-B45F-36D19161CCE2}.Ad-Hoc|iPhoneSimulator.Build.0 = Release|Any CPU
		{FE0C7AB5-9761-4DF2-B45F-36D19161CCE2}.Ad-Hoc|x64.ActiveCfg = Release|Any CPU
		{FE0C7AB5-9761-4DF2-B45F-36D19161CCE2}.Ad-Hoc|x64.Build.0 = Release|Any CPU
		{FE0C7AB5-9761-4DF2-B45F-36D19161CCE2}.Ad-Hoc|x86.ActiveCfg = Release|Any CPU
		{FE0C7AB5-9761-4DF2-B45F-36D19161CCE2}.Ad-Hoc|x86.Build.0 = Release|Any CPU
		{FE0C7AB5-9761-4DF2-B45F-36D19161CCE2}.AppStore|Any CPU.ActiveCfg = Release|Any CPU
		{FE0C7AB5-9761-4DF2-B45F-36D19161CCE2}.AppStore|Any CPU.Build.0 = Release|Any CPU
		{FE0C7AB5-9761-4DF2-B45F-36D19161CCE2}.AppStore|ARM.ActiveCfg = Release|Any CPU
		{FE0C7AB5-9761-4DF2-B45F-36D19161CCE2}.AppStore|ARM.Build.0 = Release|Any CPU
		{FE0C7AB5-9761-4DF2-B45F-36D19161CCE2}.AppStore|iPhone.ActiveCfg = Release|Any CPU
		{FE0C7AB5-9761-4DF2-B45F-36D19161CCE2}.AppStore|iPhone.Build.0 = Release|Any CPU
		{FE0C7AB5-9761-4DF2-B45F-36D19161CCE2}.AppStore|iPhoneSimulator.ActiveCfg = Release|Any CPU
		{FE0C7AB5-9761-4DF2-B45F-36D19161CCE2}.AppStore|iPhoneSimulator.Build.0 = Release|Any CPU
		{FE0C7AB5-9761-4DF2-B45F-36D19161CCE2}.AppStore|x64.ActiveCfg = Release|Any CPU
		{FE0C7AB5-9761-4DF2-B45F-36D19161CCE2}.AppStore|x64.Build.0 = Release|Any CPU
		{FE0C7AB5-9761-4DF2-B45F-36D19161CCE2}.AppStore|x86.ActiveCfg = Release|Any CPU
		{FE0C7AB5-9761-4DF2-B45F-36D19161CCE2}.AppStore|x86.Build.0 = Release|Any CPU
		{FE0C7AB5-9761-4DF2-B45F-36D19161CCE2}.Debug|Any CPU.ActiveCfg = Debug|Any CPU
		{FE0C7AB5-9761-4DF2-B45F-36D19161CCE2}.Debug|Any CPU.Build.0 = Debug|Any CPU
		{FE0C7AB5-9761-4DF2-B45F-36D19161CCE2}.Debug|ARM.ActiveCfg = Debug|Any CPU
		{FE0C7AB5-9761-4DF2-B45F-36D19161CCE2}.Debug|ARM.Build.0 = Debug|Any CPU
		{FE0C7AB5-9761-4DF2-B45F-36D19161CCE2}.Debug|iPhone.ActiveCfg = Debug|Any CPU
		{FE0C7AB5-9761-4DF2-B45F-36D19161CCE2}.Debug|iPhone.Build.0 = Debug|Any CPU
		{FE0C7AB5-9761-4DF2-B45F-36D19161CCE2}.Debug|iPhoneSimulator.ActiveCfg = Debug|Any CPU
		{FE0C7AB5-9761-4DF2-B45F-36D19161CCE2}.Debug|iPhoneSimulator.Build.0 = Debug|Any CPU
		{FE0C7AB5-9761-4DF2-B45F-36D19161CCE2}.Debug|x64.ActiveCfg = Debug|Any CPU
		{FE0C7AB5-9761-4DF2-B45F-36D19161CCE2}.Debug|x64.Build.0 = Debug|Any CPU
		{FE0C7AB5-9761-4DF2-B45F-36D19161CCE2}.Debug|x86.ActiveCfg = Debug|Any CPU
		{FE0C7AB5-9761-4DF2-B45F-36D19161CCE2}.Debug|x86.Build.0 = Debug|Any CPU
		{FE0C7AB5-9761-4DF2-B45F-36D19161CCE2}.Release|Any CPU.ActiveCfg = Release|Any CPU
		{FE0C7AB5-9761-4DF2-B45F-36D19161CCE2}.Release|Any CPU.Build.0 = Release|Any CPU
		{FE0C7AB5-9761-4DF2-B45F-36D19161CCE2}.Release|ARM.ActiveCfg = Release|Any CPU
		{FE0C7AB5-9761-4DF2-B45F-36D19161CCE2}.Release|ARM.Build.0 = Release|Any CPU
		{FE0C7AB5-9761-4DF2-B45F-36D19161CCE2}.Release|iPhone.ActiveCfg = Release|Any CPU
		{FE0C7AB5-9761-4DF2-B45F-36D19161CCE2}.Release|iPhone.Build.0 = Release|Any CPU
		{FE0C7AB5-9761-4DF2-B45F-36D19161CCE2}.Release|iPhoneSimulator.ActiveCfg = Release|Any CPU
		{FE0C7AB5-9761-4DF2-B45F-36D19161CCE2}.Release|iPhoneSimulator.Build.0 = Release|Any CPU
		{FE0C7AB5-9761-4DF2-B45F-36D19161CCE2}.Release|x64.ActiveCfg = Release|Any CPU
		{FE0C7AB5-9761-4DF2-B45F-36D19161CCE2}.Release|x64.Build.0 = Release|Any CPU
		{FE0C7AB5-9761-4DF2-B45F-36D19161CCE2}.Release|x86.ActiveCfg = Release|Any CPU
		{FE0C7AB5-9761-4DF2-B45F-36D19161CCE2}.Release|x86.Build.0 = Release|Any CPU
		{2DA69D71-FE16-4C5E-92ED-99B4D6F25EA4}.Ad-Hoc|Any CPU.ActiveCfg = Release|Any CPU
		{2DA69D71-FE16-4C5E-92ED-99B4D6F25EA4}.Ad-Hoc|Any CPU.Build.0 = Release|Any CPU
		{2DA69D71-FE16-4C5E-92ED-99B4D6F25EA4}.Ad-Hoc|Any CPU.Deploy.0 = Release|Any CPU
		{2DA69D71-FE16-4C5E-92ED-99B4D6F25EA4}.Ad-Hoc|ARM.ActiveCfg = Release|Any CPU
		{2DA69D71-FE16-4C5E-92ED-99B4D6F25EA4}.Ad-Hoc|ARM.Build.0 = Release|Any CPU
		{2DA69D71-FE16-4C5E-92ED-99B4D6F25EA4}.Ad-Hoc|ARM.Deploy.0 = Release|Any CPU
		{2DA69D71-FE16-4C5E-92ED-99B4D6F25EA4}.Ad-Hoc|iPhone.ActiveCfg = Release|Any CPU
		{2DA69D71-FE16-4C5E-92ED-99B4D6F25EA4}.Ad-Hoc|iPhone.Build.0 = Release|Any CPU
		{2DA69D71-FE16-4C5E-92ED-99B4D6F25EA4}.Ad-Hoc|iPhone.Deploy.0 = Release|Any CPU
		{2DA69D71-FE16-4C5E-92ED-99B4D6F25EA4}.Ad-Hoc|iPhoneSimulator.ActiveCfg = Release|Any CPU
		{2DA69D71-FE16-4C5E-92ED-99B4D6F25EA4}.Ad-Hoc|iPhoneSimulator.Build.0 = Release|Any CPU
		{2DA69D71-FE16-4C5E-92ED-99B4D6F25EA4}.Ad-Hoc|iPhoneSimulator.Deploy.0 = Release|Any CPU
		{2DA69D71-FE16-4C5E-92ED-99B4D6F25EA4}.Ad-Hoc|x64.ActiveCfg = Release|Any CPU
		{2DA69D71-FE16-4C5E-92ED-99B4D6F25EA4}.Ad-Hoc|x64.Build.0 = Release|Any CPU
		{2DA69D71-FE16-4C5E-92ED-99B4D6F25EA4}.Ad-Hoc|x64.Deploy.0 = Release|Any CPU
		{2DA69D71-FE16-4C5E-92ED-99B4D6F25EA4}.Ad-Hoc|x86.ActiveCfg = Release|Any CPU
		{2DA69D71-FE16-4C5E-92ED-99B4D6F25EA4}.Ad-Hoc|x86.Build.0 = Release|Any CPU
		{2DA69D71-FE16-4C5E-92ED-99B4D6F25EA4}.Ad-Hoc|x86.Deploy.0 = Release|Any CPU
		{2DA69D71-FE16-4C5E-92ED-99B4D6F25EA4}.AppStore|Any CPU.ActiveCfg = Release|Any CPU
		{2DA69D71-FE16-4C5E-92ED-99B4D6F25EA4}.AppStore|Any CPU.Build.0 = Release|Any CPU
		{2DA69D71-FE16-4C5E-92ED-99B4D6F25EA4}.AppStore|Any CPU.Deploy.0 = Release|Any CPU
		{2DA69D71-FE16-4C5E-92ED-99B4D6F25EA4}.AppStore|ARM.ActiveCfg = Release|Any CPU
		{2DA69D71-FE16-4C5E-92ED-99B4D6F25EA4}.AppStore|ARM.Build.0 = Release|Any CPU
		{2DA69D71-FE16-4C5E-92ED-99B4D6F25EA4}.AppStore|ARM.Deploy.0 = Release|Any CPU
		{2DA69D71-FE16-4C5E-92ED-99B4D6F25EA4}.AppStore|iPhone.ActiveCfg = Release|Any CPU
		{2DA69D71-FE16-4C5E-92ED-99B4D6F25EA4}.AppStore|iPhone.Build.0 = Release|Any CPU
		{2DA69D71-FE16-4C5E-92ED-99B4D6F25EA4}.AppStore|iPhone.Deploy.0 = Release|Any CPU
		{2DA69D71-FE16-4C5E-92ED-99B4D6F25EA4}.AppStore|iPhoneSimulator.ActiveCfg = Release|Any CPU
		{2DA69D71-FE16-4C5E-92ED-99B4D6F25EA4}.AppStore|iPhoneSimulator.Build.0 = Release|Any CPU
		{2DA69D71-FE16-4C5E-92ED-99B4D6F25EA4}.AppStore|iPhoneSimulator.Deploy.0 = Release|Any CPU
		{2DA69D71-FE16-4C5E-92ED-99B4D6F25EA4}.AppStore|x64.ActiveCfg = Release|Any CPU
		{2DA69D71-FE16-4C5E-92ED-99B4D6F25EA4}.AppStore|x64.Build.0 = Release|Any CPU
		{2DA69D71-FE16-4C5E-92ED-99B4D6F25EA4}.AppStore|x64.Deploy.0 = Release|Any CPU
		{2DA69D71-FE16-4C5E-92ED-99B4D6F25EA4}.AppStore|x86.ActiveCfg = Release|Any CPU
		{2DA69D71-FE16-4C5E-92ED-99B4D6F25EA4}.AppStore|x86.Build.0 = Release|Any CPU
		{2DA69D71-FE16-4C5E-92ED-99B4D6F25EA4}.AppStore|x86.Deploy.0 = Release|Any CPU
		{2DA69D71-FE16-4C5E-92ED-99B4D6F25EA4}.Debug|Any CPU.ActiveCfg = Debug|Any CPU
		{2DA69D71-FE16-4C5E-92ED-99B4D6F25EA4}.Debug|Any CPU.Build.0 = Debug|Any CPU
		{2DA69D71-FE16-4C5E-92ED-99B4D6F25EA4}.Debug|Any CPU.Deploy.0 = Debug|Any CPU
		{2DA69D71-FE16-4C5E-92ED-99B4D6F25EA4}.Debug|ARM.ActiveCfg = Debug|Any CPU
		{2DA69D71-FE16-4C5E-92ED-99B4D6F25EA4}.Debug|ARM.Build.0 = Debug|Any CPU
		{2DA69D71-FE16-4C5E-92ED-99B4D6F25EA4}.Debug|ARM.Deploy.0 = Debug|Any CPU
		{2DA69D71-FE16-4C5E-92ED-99B4D6F25EA4}.Debug|iPhone.ActiveCfg = Debug|Any CPU
		{2DA69D71-FE16-4C5E-92ED-99B4D6F25EA4}.Debug|iPhone.Build.0 = Debug|Any CPU
		{2DA69D71-FE16-4C5E-92ED-99B4D6F25EA4}.Debug|iPhone.Deploy.0 = Debug|Any CPU
		{2DA69D71-FE16-4C5E-92ED-99B4D6F25EA4}.Debug|iPhoneSimulator.ActiveCfg = Debug|Any CPU
		{2DA69D71-FE16-4C5E-92ED-99B4D6F25EA4}.Debug|iPhoneSimulator.Build.0 = Debug|Any CPU
		{2DA69D71-FE16-4C5E-92ED-99B4D6F25EA4}.Debug|iPhoneSimulator.Deploy.0 = Debug|Any CPU
		{2DA69D71-FE16-4C5E-92ED-99B4D6F25EA4}.Debug|x64.ActiveCfg = Debug|Any CPU
		{2DA69D71-FE16-4C5E-92ED-99B4D6F25EA4}.Debug|x64.Build.0 = Debug|Any CPU
		{2DA69D71-FE16-4C5E-92ED-99B4D6F25EA4}.Debug|x64.Deploy.0 = Debug|Any CPU
		{2DA69D71-FE16-4C5E-92ED-99B4D6F25EA4}.Debug|x86.ActiveCfg = Debug|Any CPU
		{2DA69D71-FE16-4C5E-92ED-99B4D6F25EA4}.Debug|x86.Build.0 = Debug|Any CPU
		{2DA69D71-FE16-4C5E-92ED-99B4D6F25EA4}.Debug|x86.Deploy.0 = Debug|Any CPU
		{2DA69D71-FE16-4C5E-92ED-99B4D6F25EA4}.Release|Any CPU.ActiveCfg = Release|Any CPU
		{2DA69D71-FE16-4C5E-92ED-99B4D6F25EA4}.Release|Any CPU.Build.0 = Release|Any CPU
		{2DA69D71-FE16-4C5E-92ED-99B4D6F25EA4}.Release|Any CPU.Deploy.0 = Release|Any CPU
		{2DA69D71-FE16-4C5E-92ED-99B4D6F25EA4}.Release|ARM.ActiveCfg = Release|Any CPU
		{2DA69D71-FE16-4C5E-92ED-99B4D6F25EA4}.Release|ARM.Build.0 = Release|Any CPU
		{2DA69D71-FE16-4C5E-92ED-99B4D6F25EA4}.Release|ARM.Deploy.0 = Release|Any CPU
		{2DA69D71-FE16-4C5E-92ED-99B4D6F25EA4}.Release|iPhone.ActiveCfg = Release|Any CPU
		{2DA69D71-FE16-4C5E-92ED-99B4D6F25EA4}.Release|iPhone.Build.0 = Release|Any CPU
		{2DA69D71-FE16-4C5E-92ED-99B4D6F25EA4}.Release|iPhone.Deploy.0 = Release|Any CPU
		{2DA69D71-FE16-4C5E-92ED-99B4D6F25EA4}.Release|iPhoneSimulator.ActiveCfg = Release|Any CPU
		{2DA69D71-FE16-4C5E-92ED-99B4D6F25EA4}.Release|iPhoneSimulator.Build.0 = Release|Any CPU
		{2DA69D71-FE16-4C5E-92ED-99B4D6F25EA4}.Release|iPhoneSimulator.Deploy.0 = Release|Any CPU
		{2DA69D71-FE16-4C5E-92ED-99B4D6F25EA4}.Release|x64.ActiveCfg = Release|Any CPU
		{2DA69D71-FE16-4C5E-92ED-99B4D6F25EA4}.Release|x64.Build.0 = Release|Any CPU
		{2DA69D71-FE16-4C5E-92ED-99B4D6F25EA4}.Release|x64.Deploy.0 = Release|Any CPU
		{2DA69D71-FE16-4C5E-92ED-99B4D6F25EA4}.Release|x86.ActiveCfg = Release|Any CPU
		{2DA69D71-FE16-4C5E-92ED-99B4D6F25EA4}.Release|x86.Build.0 = Release|Any CPU
		{2DA69D71-FE16-4C5E-92ED-99B4D6F25EA4}.Release|x86.Deploy.0 = Release|Any CPU
		{62CC0FE5-A23E-43E5-819A-20A0A130D163}.Ad-Hoc|Any CPU.ActiveCfg = Ad-Hoc|iPhone
		{62CC0FE5-A23E-43E5-819A-20A0A130D163}.Ad-Hoc|ARM.ActiveCfg = Ad-Hoc|iPhone
		{62CC0FE5-A23E-43E5-819A-20A0A130D163}.Ad-Hoc|iPhone.ActiveCfg = Ad-Hoc|iPhone
		{62CC0FE5-A23E-43E5-819A-20A0A130D163}.Ad-Hoc|iPhone.Build.0 = Ad-Hoc|iPhone
		{62CC0FE5-A23E-43E5-819A-20A0A130D163}.Ad-Hoc|iPhoneSimulator.ActiveCfg = Ad-Hoc|iPhoneSimulator
		{62CC0FE5-A23E-43E5-819A-20A0A130D163}.Ad-Hoc|iPhoneSimulator.Build.0 = Ad-Hoc|iPhoneSimulator
		{62CC0FE5-A23E-43E5-819A-20A0A130D163}.Ad-Hoc|x64.ActiveCfg = Ad-Hoc|iPhone
		{62CC0FE5-A23E-43E5-819A-20A0A130D163}.Ad-Hoc|x86.ActiveCfg = Ad-Hoc|iPhone
		{62CC0FE5-A23E-43E5-819A-20A0A130D163}.AppStore|Any CPU.ActiveCfg = AppStore|iPhone
		{62CC0FE5-A23E-43E5-819A-20A0A130D163}.AppStore|ARM.ActiveCfg = AppStore|iPhone
		{62CC0FE5-A23E-43E5-819A-20A0A130D163}.AppStore|iPhone.ActiveCfg = AppStore|iPhone
		{62CC0FE5-A23E-43E5-819A-20A0A130D163}.AppStore|iPhone.Build.0 = AppStore|iPhone
		{62CC0FE5-A23E-43E5-819A-20A0A130D163}.AppStore|iPhoneSimulator.ActiveCfg = AppStore|iPhoneSimulator
		{62CC0FE5-A23E-43E5-819A-20A0A130D163}.AppStore|iPhoneSimulator.Build.0 = AppStore|iPhoneSimulator
		{62CC0FE5-A23E-43E5-819A-20A0A130D163}.AppStore|x64.ActiveCfg = AppStore|iPhone
		{62CC0FE5-A23E-43E5-819A-20A0A130D163}.AppStore|x86.ActiveCfg = AppStore|iPhone
		{62CC0FE5-A23E-43E5-819A-20A0A130D163}.Debug|Any CPU.ActiveCfg = Debug|iPhone
		{62CC0FE5-A23E-43E5-819A-20A0A130D163}.Debug|ARM.ActiveCfg = Debug|iPhone
		{62CC0FE5-A23E-43E5-819A-20A0A130D163}.Debug|iPhone.ActiveCfg = Debug|iPhone
		{62CC0FE5-A23E-43E5-819A-20A0A130D163}.Debug|iPhone.Build.0 = Debug|iPhone
		{62CC0FE5-A23E-43E5-819A-20A0A130D163}.Debug|iPhoneSimulator.ActiveCfg = Debug|iPhoneSimulator
		{62CC0FE5-A23E-43E5-819A-20A0A130D163}.Debug|iPhoneSimulator.Build.0 = Debug|iPhoneSimulator
		{62CC0FE5-A23E-43E5-819A-20A0A130D163}.Debug|x64.ActiveCfg = Debug|iPhone
		{62CC0FE5-A23E-43E5-819A-20A0A130D163}.Debug|x86.ActiveCfg = Debug|iPhone
		{62CC0FE5-A23E-43E5-819A-20A0A130D163}.Release|Any CPU.ActiveCfg = Release|iPhone
		{62CC0FE5-A23E-43E5-819A-20A0A130D163}.Release|ARM.ActiveCfg = Release|iPhone
		{62CC0FE5-A23E-43E5-819A-20A0A130D163}.Release|iPhone.ActiveCfg = Release|iPhone
		{62CC0FE5-A23E-43E5-819A-20A0A130D163}.Release|iPhone.Build.0 = Release|iPhone
		{62CC0FE5-A23E-43E5-819A-20A0A130D163}.Release|iPhoneSimulator.ActiveCfg = Release|iPhoneSimulator
		{62CC0FE5-A23E-43E5-819A-20A0A130D163}.Release|iPhoneSimulator.Build.0 = Release|iPhoneSimulator
		{62CC0FE5-A23E-43E5-819A-20A0A130D163}.Release|x64.ActiveCfg = Release|iPhone
		{62CC0FE5-A23E-43E5-819A-20A0A130D163}.Release|x86.ActiveCfg = Release|iPhone
		{4B904096-E627-42D7-821D-7C374008781D}.Ad-Hoc|Any CPU.ActiveCfg = Release|x86
		{4B904096-E627-42D7-821D-7C374008781D}.Ad-Hoc|Any CPU.Build.0 = Release|x86
		{4B904096-E627-42D7-821D-7C374008781D}.Ad-Hoc|Any CPU.Deploy.0 = Release|x86
		{4B904096-E627-42D7-821D-7C374008781D}.Ad-Hoc|ARM.ActiveCfg = Release|ARM
		{4B904096-E627-42D7-821D-7C374008781D}.Ad-Hoc|ARM.Build.0 = Release|ARM
		{4B904096-E627-42D7-821D-7C374008781D}.Ad-Hoc|ARM.Deploy.0 = Release|ARM
		{4B904096-E627-42D7-821D-7C374008781D}.Ad-Hoc|iPhone.ActiveCfg = Release|x86
		{4B904096-E627-42D7-821D-7C374008781D}.Ad-Hoc|iPhone.Build.0 = Release|x86
		{4B904096-E627-42D7-821D-7C374008781D}.Ad-Hoc|iPhone.Deploy.0 = Release|x86
		{4B904096-E627-42D7-821D-7C374008781D}.Ad-Hoc|iPhoneSimulator.ActiveCfg = Release|x86
		{4B904096-E627-42D7-821D-7C374008781D}.Ad-Hoc|iPhoneSimulator.Build.0 = Release|x86
		{4B904096-E627-42D7-821D-7C374008781D}.Ad-Hoc|iPhoneSimulator.Deploy.0 = Release|x86
		{4B904096-E627-42D7-821D-7C374008781D}.Ad-Hoc|x64.ActiveCfg = Release|x64
		{4B904096-E627-42D7-821D-7C374008781D}.Ad-Hoc|x64.Build.0 = Release|x64
		{4B904096-E627-42D7-821D-7C374008781D}.Ad-Hoc|x64.Deploy.0 = Release|x64
		{4B904096-E627-42D7-821D-7C374008781D}.Ad-Hoc|x86.ActiveCfg = Release|x86
		{4B904096-E627-42D7-821D-7C374008781D}.Ad-Hoc|x86.Build.0 = Release|x86
		{4B904096-E627-42D7-821D-7C374008781D}.Ad-Hoc|x86.Deploy.0 = Release|x86
		{4B904096-E627-42D7-821D-7C374008781D}.AppStore|Any CPU.ActiveCfg = Release|x86
		{4B904096-E627-42D7-821D-7C374008781D}.AppStore|Any CPU.Build.0 = Release|x86
		{4B904096-E627-42D7-821D-7C374008781D}.AppStore|Any CPU.Deploy.0 = Release|x86
		{4B904096-E627-42D7-821D-7C374008781D}.AppStore|ARM.ActiveCfg = Release|ARM
		{4B904096-E627-42D7-821D-7C374008781D}.AppStore|ARM.Build.0 = Release|ARM
		{4B904096-E627-42D7-821D-7C374008781D}.AppStore|ARM.Deploy.0 = Release|ARM
		{4B904096-E627-42D7-821D-7C374008781D}.AppStore|iPhone.ActiveCfg = Release|x86
		{4B904096-E627-42D7-821D-7C374008781D}.AppStore|iPhone.Build.0 = Release|x86
		{4B904096-E627-42D7-821D-7C374008781D}.AppStore|iPhone.Deploy.0 = Release|x86
		{4B904096-E627-42D7-821D-7C374008781D}.AppStore|iPhoneSimulator.ActiveCfg = Release|x86
		{4B904096-E627-42D7-821D-7C374008781D}.AppStore|iPhoneSimulator.Build.0 = Release|x86
		{4B904096-E627-42D7-821D-7C374008781D}.AppStore|iPhoneSimulator.Deploy.0 = Release|x86
		{4B904096-E627-42D7-821D-7C374008781D}.AppStore|x64.ActiveCfg = Release|x64
		{4B904096-E627-42D7-821D-7C374008781D}.AppStore|x64.Build.0 = Release|x64
		{4B904096-E627-42D7-821D-7C374008781D}.AppStore|x64.Deploy.0 = Release|x64
		{4B904096-E627-42D7-821D-7C374008781D}.AppStore|x86.ActiveCfg = Release|x86
		{4B904096-E627-42D7-821D-7C374008781D}.AppStore|x86.Build.0 = Release|x86
		{4B904096-E627-42D7-821D-7C374008781D}.AppStore|x86.Deploy.0 = Release|x86
		{4B904096-E627-42D7-821D-7C374008781D}.Debug|Any CPU.ActiveCfg = Debug|x86
		{4B904096-E627-42D7-821D-7C374008781D}.Debug|ARM.ActiveCfg = Debug|ARM
		{4B904096-E627-42D7-821D-7C374008781D}.Debug|ARM.Build.0 = Debug|ARM
		{4B904096-E627-42D7-821D-7C374008781D}.Debug|ARM.Deploy.0 = Debug|ARM
		{4B904096-E627-42D7-821D-7C374008781D}.Debug|iPhone.ActiveCfg = Debug|x86
		{4B904096-E627-42D7-821D-7C374008781D}.Debug|iPhoneSimulator.ActiveCfg = Debug|x86
		{4B904096-E627-42D7-821D-7C374008781D}.Debug|x64.ActiveCfg = Debug|x64
		{4B904096-E627-42D7-821D-7C374008781D}.Debug|x64.Build.0 = Debug|x64
		{4B904096-E627-42D7-821D-7C374008781D}.Debug|x64.Deploy.0 = Debug|x64
		{4B904096-E627-42D7-821D-7C374008781D}.Debug|x86.ActiveCfg = Debug|x86
		{4B904096-E627-42D7-821D-7C374008781D}.Debug|x86.Build.0 = Debug|x86
		{4B904096-E627-42D7-821D-7C374008781D}.Debug|x86.Deploy.0 = Debug|x86
		{4B904096-E627-42D7-821D-7C374008781D}.Release|Any CPU.ActiveCfg = Release|x86
		{4B904096-E627-42D7-821D-7C374008781D}.Release|ARM.ActiveCfg = Release|ARM
		{4B904096-E627-42D7-821D-7C374008781D}.Release|ARM.Build.0 = Release|ARM
		{4B904096-E627-42D7-821D-7C374008781D}.Release|ARM.Deploy.0 = Release|ARM
		{4B904096-E627-42D7-821D-7C374008781D}.Release|iPhone.ActiveCfg = Release|x86
		{4B904096-E627-42D7-821D-7C374008781D}.Release|iPhoneSimulator.ActiveCfg = Release|x86
		{4B904096-E627-42D7-821D-7C374008781D}.Release|x64.ActiveCfg = Release|x64
		{4B904096-E627-42D7-821D-7C374008781D}.Release|x64.Build.0 = Release|x64
		{4B904096-E627-42D7-821D-7C374008781D}.Release|x64.Deploy.0 = Release|x64
		{4B904096-E627-42D7-821D-7C374008781D}.Release|x86.ActiveCfg = Release|x86
		{4B904096-E627-42D7-821D-7C374008781D}.Release|x86.Build.0 = Release|x86
		{4B904096-E627-42D7-821D-7C374008781D}.Release|x86.Deploy.0 = Release|x86
	EndGlobalSection
	GlobalSection(SolutionProperties) = preSolution
		HideSolutionNode = FALSE
	EndGlobalSection
	GlobalSection(ExtensibilityGlobals) = postSolution
		SolutionGuid = {0E586C2A-381C-483E-B0B4-035C3CBC1EA7}
	EndGlobalSection
EndGlobal
